# @generated by Move, please check-in and do not edit manually.

[move]
version = 3
manifest_digest = "4C963503FBED48CC8EABAB948C2BFFD5DF5E3A63EBA278F782A826A330CB99F2"
deps_digest = "F8BBB0CCB2491CA29A3DF03D6F92277A4F3574266507ACD77214D37ECA3F3082"
dependencies = [
  { id = "Sui", name = "Sui" },
]

[[move.package]]
id = "MoveStdlib"
source = { git = "https://github.com/MystenLabs/sui.git", rev = "testnet-v1.58.1", subdir = "crates\\sui-framework\\packages\\move-stdlib" }

[[move.package]]
id = "Sui"
source = { git = "https://github.com/MystenLabs/sui.git", rev = "testnet-v1.58.1", subdir = "crates/sui-framework/packages/sui-framework" }

dependencies = [
  { id = "MoveStdlib", name = "MoveStdlib" },
]

[move.toolchain-version]
compiler-version = "1.58.0"
edition = "2024"
flavor = "sui"

[env]

[env.testnet]
chain-id = "4c78adac"
original-published-id = "0x1daa934d4abe0db3ea62dfb11f91598db0e3fe8db9ed36a36e4478960198f9d8"
latest-published-id = "0x1daa934d4abe0db3ea62dfb11f91598db0e3fe8db9ed36a36e4478960198f9d8"
published-version = "1"
